
Microsoft Visual Studio Solution File, Format Version 12.00
# Visual Studio Version 17
VisualStudioVersion = 17.5.002.0
MinimumVisualStudioVersion = 10.0.40219.1
Project("{9A19103F-16F7-4668-BE54-9A1E7A4F7556}") = "BlazingPizza", "BlazingPizza.csproj", "{0D068560-BE7C-423F-9AE2-7BD3E1D82A3D}"
EndProject
Global
	GlobalSection(SolutionConfigurationPlatforms) = preSolution
		Debug|Any CPU = Debug|Any CPU
		Release|Any CPU = Release|Any CPU
	EndGlobalSection
	GlobalSection(ProjectConfigurationPlatforms) = postSolution
		{0D068560-BE7C-423F-9AE2-7BD3E1D82A3D}.Debug|Any CPU.ActiveCfg = Debug|Any CPU
		{0D068560-BE7C-423F-9AE2-7BD3E1D82A3D}.Debug|Any CPU.Build.0 = Debug|Any CPU
		{0D068560-BE7C-423F-9AE2-7BD3E1D82A3D}.Release|Any CPU.ActiveCfg = Release|Any CPU
		{0D068560-BE7C-423F-9AE2-7BD3E1D82A3D}.Release|Any CPU.Build.0 = Release|Any CPU
	EndGlobalSection
	GlobalSection(SolutionProperties) = preSolution
		HideSolutionNode = FALSE
	EndGlobalSection
	GlobalSection(ExtensibilityGlobals) = postSolution
		SolutionGuid = {68401538-A10B-4850-B8E3-4DCC90FF166D}
	EndGlobalSection
EndGlobal
